
Microsoft Visual Studio Solution File, Format Version 12.00
# Visual Studio Version 16
VisualStudioVersion = 16.0.31829.152
MinimumVisualStudioVersion = 10.0.40219.1
Project("{FAE04EC0-301F-11D3-BF4B-00C04F79EFBC}") = "Msilengwe", "Msilengwe.csproj", "{BD37F429-8191-4296-944A-AE1AF73D7BAF}"
EndProject
Global
	GlobalSection(SolutionConfigurationPlatforms) = preSolution
		Debug|Any CPU = Debug|Any CPU
		Release|Any CPU = Release|Any CPU
	EndGlobalSection
	GlobalSection(ProjectConfigurationPlatforms) = postSolution
		{BD37F429-8191-4296-944A-AE1AF73D7BAF}.Debug|Any CPU.ActiveCfg = Debug|Any CPU
		{BD37F429-8191-4296-944A-AE1AF73D7BAF}.Debug|Any CPU.Build.0 = Debug|Any CPU
		{BD37F429-8191-4296-944A-AE1AF73D7BAF}.Release|Any CPU.ActiveCfg = Release|Any CPU
		{BD37F429-8191-4296-944A-AE1AF73D7BAF}.Release|Any CPU.Build.0 = Release|Any CPU
	EndGlobalSection
	GlobalSection(SolutionProperties) = preSolution
		HideSolutionNode = FALSE
	EndGlobalSection
	GlobalSection(ExtensibilityGlobals) = postSolution
		SolutionGuid = {66A50555-BBA2-449F-A104-46EAC7E85E42}
	EndGlobalSection
EndGlobal
